{
  "nodes": {
    "cloudlog": {
      "flake": false,
      "locked": {
        "lastModified": 1632074541,
        "narHash": "sha256-il0D64hC+WGu43ltcNTAJ4opDOSNuECbiDXGZ0nLwoM=",
        "owner": "magicbug",
        "repo": "Cloudlog",
        "rev": "4cfc4451e6c2d019eefabe07a0abb700b84d6ade",
        "type": "github"
      },
      "original": {
        "owner": "magicbug",
        "repo": "Cloudlog",
        "type": "github"
      }
    },
    "cloudlog-adifwatch": {
      "flake": false,
      "locked": {
        "lastModified": 1614536202,
        "narHash": "sha256-CYIiWjZ5PIZfu54da7SGtVrRRu2dZ44AVVECQPn3jBc=",
        "owner": "illdefined",
        "repo": "cloudlog-adifwatch",
        "rev": "07acf5989dd2bebaea41574bd67a467982d3f851",
        "type": "github"
      },
      "original": {
        "owner": "illdefined",
        "ref": "07acf5989dd2bebaea41574bd67a467982d3f851",
        "repo": "cloudlog-adifwatch",
        "type": "github"
      }
    },
    "cloudlog-rigctl-interface": {
      "flake": false,
      "locked": {
        "lastModified": 1545084277,
        "narHash": "sha256-Az8CN7B+hq6blnmx7hqAPYTELeabppC0FmMPXt2STYI=",
        "owner": "Manawyrm",
        "repo": "cloudlog-rigctl-interface",
        "rev": "4ded5659699af099c98330b17432f4c581bf60b5",
        "type": "github"
      },
      "original": {
        "owner": "Manawyrm",
        "repo": "cloudlog-rigctl-interface",
        "type": "github"
      }
    },
    "nixpkgs": {
      "locked": {
        "lastModified": 1632342741,
        "narHash": "sha256-8q12+qSkpVy+up1oGF2PeafBRLSslrUESRTdjn5y8u0=",
        "owner": "NixOS",
        "repo": "nixpkgs",
        "rev": "5c8efd0034e2f7565ff81a8897ca9dd761889265",
        "type": "github"
      },
      "original": {
        "owner": "NixOS",
        "ref": "release-21.05",
        "repo": "nixpkgs",
        "type": "github"
      }
    },
    "root": {
      "inputs": {
        "cloudlog": "cloudlog",
        "cloudlog-adifwatch": "cloudlog-adifwatch",
        "cloudlog-rigctl-interface": "cloudlog-rigctl-interface",
        "nixpkgs": "nixpkgs"
      }
    }
  },
  "root": "root",
  "version": 7
}
